
Microsoft Visual Studio Solution File, Format Version 12.00
# Visual Studio Version 17
VisualStudioVersion = 17.7.34031.279
MinimumVisualStudioVersion = 10.0.40219.1
Project("{2150E333-8FDC-42A3-9474-1A3956D46DE8}") = "Certificates", "Certificates", "{0DD8093A-F310-468C-80CF-2618F8F4FEE3}"
	ProjectSection(SolutionItems) = preProject
		Certificates\3dMax-Animation-Industrial Management Institute-October-2013-Aban-92.pdf = Certificates\3dMax-Animation-Industrial Management Institute-October-2013-Aban-92.pdf
		Certificates\ASP.Net Core 2-Islamic Azad University-January-2020-Bahman-98.pdf = Certificates\ASP.Net Core 2-Islamic Azad University-January-2020-Bahman-98.pdf
		Certificates\ASP.Net MVC-Islamic Azad University-January-2020-Bahman-98.pdf = Certificates\ASP.Net MVC-Islamic Azad University-January-2020-Bahman-98.pdf
		Certificates\Photoshop-Industrial Management Institute-August-2019-Shahrivar-98.pdf = Certificates\Photoshop-Industrial Management Institute-August-2019-Shahrivar-98.pdf
		Certificates\Principles and methods of object-oriented programming-Industrial Management Institute-August-2013-Shahrivar-92.pdf = Certificates\Principles and methods of object-oriented programming-Industrial Management Institute-August-2013-Shahrivar-92.pdf
		Certificates\Wordpress-Industrial Management Institute-November-2016-Azar-95.pdf = Certificates\Wordpress-Industrial Management Institute-November-2016-Azar-95.pdf
		Certificates\Xamarin-Android-Industrial Management Institute-January-2017-Bahman-95.pdf = Certificates\Xamarin-Android-Industrial Management Institute-January-2017-Bahman-95.pdf
	EndProjectSection
EndProject
Project("{2150E333-8FDC-42A3-9474-1A3956D46DE8}") = "Solution Items", "Solution Items", "{A1F52ACF-1319-4B61-9D98-A23EDBEBAC2A}"
	ProjectSection(SolutionItems) = preProject
		cvbuilderLink.txt = cvbuilderLink.txt
	EndProjectSection
EndProject
Project("{2150E333-8FDC-42A3-9474-1A3956D46DE8}") = "Resume", "Resume", "{0E7876E6-09DA-4B91-930D-35FB4FABDC07}"
EndProject
Global
	GlobalSection(SolutionProperties) = preSolution
		HideSolutionNode = FALSE
	EndGlobalSection
	GlobalSection(ExtensibilityGlobals) = postSolution
		SolutionGuid = {2E36E76C-93A3-4214-BD73-48C69C87F3C1}
	EndGlobalSection
EndGlobal
